// !$*UTF8*$!
{
	archiveVersion = 1;
	classes = {
	};
	objectVersion = 63;
	objects = {

/* Begin PBXBuildFile section */
		070476C62C2017AA0079B1C8 /* ProfileImageService.swift in Sources */ = {isa = PBXBuildFile; fileRef = 070476C52C2017AA0079B1C8 /* ProfileImageService.swift */; };
		070ABD6E2C1F3FBF00B11878 /* UnsplashUserPublicProfile.swift in Sources */ = {isa = PBXBuildFile; fileRef = 070ABD6D2C1F3FBF00B11878 /* UnsplashUserPublicProfile.swift */; };
		070AE6FA2BE740D500D87AC8 /* AppDelegate.swift in Sources */ = {isa = PBXBuildFile; fileRef = 070AE6F92BE740D500D87AC8 /* AppDelegate.swift */; };
		070AE6FC2BE740D500D87AC8 /* SceneDelegate.swift in Sources */ = {isa = PBXBuildFile; fileRef = 070AE6FB2BE740D500D87AC8 /* SceneDelegate.swift */; };
		070AE6FE2BE740D500D87AC8 /* ImagesListViewController.swift in Sources */ = {isa = PBXBuildFile; fileRef = 070AE6FD2BE740D500D87AC8 /* ImagesListViewController.swift */; };
		070AE7032BE740D700D87AC8 /* Assets.xcassets in Resources */ = {isa = PBXBuildFile; fileRef = 070AE7022BE740D700D87AC8 /* Assets.xcassets */; };
		070AE7062BE740D700D87AC8 /* Base in Resources */ = {isa = PBXBuildFile; fileRef = 070AE7052BE740D700D87AC8 /* Base */; };
		0718AD102C15B5BA00D9F076 /* Constants.swift in Sources */ = {isa = PBXBuildFile; fileRef = 0718AD0F2C15B5BA00D9F076 /* Constants.swift */; };
		0720594C2C1F57A7007D4DDB /* ProfileViewPresenter.swift in Sources */ = {isa = PBXBuildFile; fileRef = 0720594B2C1F57A7007D4DDB /* ProfileViewPresenter.swift */; };
		0720594E2C1F5834007D4DDB /* ProfileViewPresenterDelegate.swift in Sources */ = {isa = PBXBuildFile; fileRef = 0720594D2C1F5834007D4DDB /* ProfileViewPresenterDelegate.swift */; };
		073F084F2BF901D9005800A8 /* ProfileViewController.swift in Sources */ = {isa = PBXBuildFile; fileRef = 073F084E2BF901D9005800A8 /* ProfileViewController.swift */; };
		07412CD72C1ADD4D0063D075 /* ProgressHUD in Frameworks */ = {isa = PBXBuildFile; productRef = 07412CD62C1ADD4D0063D075 /* ProgressHUD */; };
		0747BB652C1F1B4700C34F8C /* UIBlockingProgressHUD.swift in Sources */ = {isa = PBXBuildFile; fileRef = 0747BB642C1F1B4700C34F8C /* UIBlockingProgressHUD.swift */; };
		0747BB672C1F26FA00C34F8C /* ProfileService.swift in Sources */ = {isa = PBXBuildFile; fileRef = 0747BB662C1F26FA00C34F8C /* ProfileService.swift */; };
		0747BB692C1F280300C34F8C /* UnsplashCurrentUserProfile.swift in Sources */ = {isa = PBXBuildFile; fileRef = 0747BB682C1F280300C34F8C /* UnsplashCurrentUserProfile.swift */; };
		074AC9A82C170D2D004C9EEF /* WebViewControllerDelegate.swift in Sources */ = {isa = PBXBuildFile; fileRef = 074AC9A72C170D2D004C9EEF /* WebViewControllerDelegate.swift */; };
		074AC9AA2C174C28004C9EEF /* OAuth2Service.swift in Sources */ = {isa = PBXBuildFile; fileRef = 074AC9A92C174C28004C9EEF /* OAuth2Service.swift */; };
		074AC9AC2C17842F004C9EEF /* NetworkClient.swift in Sources */ = {isa = PBXBuildFile; fileRef = 074AC9AB2C17842F004C9EEF /* NetworkClient.swift */; };
		074AC9AE2C1784BF004C9EEF /* NetworkClientProtocol.swift in Sources */ = {isa = PBXBuildFile; fileRef = 074AC9AD2C1784BF004C9EEF /* NetworkClientProtocol.swift */; };
		074AC9B02C178A64004C9EEF /* UnsplashToken.swift in Sources */ = {isa = PBXBuildFile; fileRef = 074AC9AF2C178A64004C9EEF /* UnsplashToken.swift */; };
		0759FCD22C254F4500EFC502 /* URLSession+Extensions.swift in Sources */ = {isa = PBXBuildFile; fileRef = 0759FCD12C254F4500EFC502 /* URLSession+Extensions.swift */; };
		075D5FBF2C199B8100408414 /* SnakeCaseJSONDecoder.swift in Sources */ = {isa = PBXBuildFile; fileRef = 075D5FBE2C199B8100408414 /* SnakeCaseJSONDecoder.swift */; };
		076922B12C1601AA005D6FFF /* AuthViewController.swift in Sources */ = {isa = PBXBuildFile; fileRef = 076922B02C1601AA005D6FFF /* AuthViewController.swift */; };
		076922B32C160F82005D6FFF /* WebViewController.swift in Sources */ = {isa = PBXBuildFile; fileRef = 076922B22C160F82005D6FFF /* WebViewController.swift */; };
		076A2FF32C1811BD00E2DA02 /* OAuth2TokenStorage.swift in Sources */ = {isa = PBXBuildFile; fileRef = 076A2FF22C1811BD00E2DA02 /* OAuth2TokenStorage.swift */; };
		076A2FF62C1814B100E2DA02 /* SplashViewController.swift in Sources */ = {isa = PBXBuildFile; fileRef = 076A2FF52C1814B100E2DA02 /* SplashViewController.swift */; };
		076A2FF82C181D3200E2DA02 /* AuthViewControllerDelegate.swift in Sources */ = {isa = PBXBuildFile; fileRef = 076A2FF72C181D3200E2DA02 /* AuthViewControllerDelegate.swift */; };
		07B6187D2C25AD1E00F5566E /* Kingfisher in Frameworks */ = {isa = PBXBuildFile; productRef = 07B6187C2C25AD1E00F5566E /* Kingfisher */; };
		07B618802C25D7B100F5566E /* SwiftKeychainWrapper in Frameworks */ = {isa = PBXBuildFile; productRef = 07B6187F2C25D7B100F5566E /* SwiftKeychainWrapper */; };
		07CA2C5C2BF4E8F20057C81D /* ImagesListViewPresenter.swift in Sources */ = {isa = PBXBuildFile; fileRef = 07CA2C5B2BF4E8F20057C81D /* ImagesListViewPresenter.swift */; };
		07CA2C5E2BF4EBB50057C81D /* ImagesListViewPresenterDelegate.swift in Sources */ = {isa = PBXBuildFile; fileRef = 07CA2C5D2BF4EBB50057C81D /* ImagesListViewPresenterDelegate.swift */; };
		07CA2C602BF4F6340057C81D /* ImagesListCell.swift in Sources */ = {isa = PBXBuildFile; fileRef = 07CA2C5F2BF4F6340057C81D /* ImagesListCell.swift */; };
		07CA2C622BF4F7450057C81D /* ImagesListCell.xib in Resources */ = {isa = PBXBuildFile; fileRef = 07CA2C612BF4F7450057C81D /* ImagesListCell.xib */; };
		07CA2C642BF5213E0057C81D /* ImagesListCellViewModel.swift in Sources */ = {isa = PBXBuildFile; fileRef = 07CA2C632BF5213E0057C81D /* ImagesListCellViewModel.swift */; };
		07CA2C662BF526860057C81D /* Array+Extensions.swift in Sources */ = {isa = PBXBuildFile; fileRef = 07CA2C652BF526860057C81D /* Array+Extensions.swift */; };
		07D88F252BFA3F9600B3ACAB /* SingleImageViewController.swift in Sources */ = {isa = PBXBuildFile; fileRef = 07D88F242BFA3F9600B3ACAB /* SingleImageViewController.swift */; };
/* End PBXBuildFile section */

/* Begin PBXFileReference section */
		070476C52C2017AA0079B1C8 /* ProfileImageService.swift */ = {isa = PBXFileReference; lastKnownFileType = sourcecode.swift; path = ProfileImageService.swift; sourceTree = "<group>"; };
		070ABD6D2C1F3FBF00B11878 /* UnsplashUserPublicProfile.swift */ = {isa = PBXFileReference; lastKnownFileType = sourcecode.swift; path = UnsplashUserPublicProfile.swift; sourceTree = "<group>"; };
		070AE6F62BE740D500D87AC8 /* ImageFeed.app */ = {isa = PBXFileReference; explicitFileType = wrapper.application; includeInIndex = 0; path = ImageFeed.app; sourceTree = BUILT_PRODUCTS_DIR; };
		070AE6F92BE740D500D87AC8 /* AppDelegate.swift */ = {isa = PBXFileReference; lastKnownFileType = sourcecode.swift; path = AppDelegate.swift; sourceTree = "<group>"; };
		070AE6FB2BE740D500D87AC8 /* SceneDelegate.swift */ = {isa = PBXFileReference; lastKnownFileType = sourcecode.swift; path = SceneDelegate.swift; sourceTree = "<group>"; };
		070AE6FD2BE740D500D87AC8 /* ImagesListViewController.swift */ = {isa = PBXFileReference; lastKnownFileType = sourcecode.swift; path = ImagesListViewController.swift; sourceTree = "<group>"; };
		070AE7022BE740D700D87AC8 /* Assets.xcassets */ = {isa = PBXFileReference; lastKnownFileType = folder.assetcatalog; path = Assets.xcassets; sourceTree = "<group>"; };
		070AE7052BE740D700D87AC8 /* Base */ = {isa = PBXFileReference; lastKnownFileType = file.storyboard; name = Base; path = Base.lproj/LaunchScreen.storyboard; sourceTree = "<group>"; };
		070AE7072BE740D700D87AC8 /* Info.plist */ = {isa = PBXFileReference; lastKnownFileType = text.plist.xml; path = Info.plist; sourceTree = "<group>"; };
		0718AD0F2C15B5BA00D9F076 /* Constants.swift */ = {isa = PBXFileReference; lastKnownFileType = sourcecode.swift; name = Constants.swift; path = ImageFeed/Models/Constants.swift; sourceTree = SOURCE_ROOT; };
		0720594B2C1F57A7007D4DDB /* ProfileViewPresenter.swift */ = {isa = PBXFileReference; lastKnownFileType = sourcecode.swift; path = ProfileViewPresenter.swift; sourceTree = "<group>"; };
		0720594D2C1F5834007D4DDB /* ProfileViewPresenterDelegate.swift */ = {isa = PBXFileReference; lastKnownFileType = sourcecode.swift; path = ProfileViewPresenterDelegate.swift; sourceTree = "<group>"; };
		073F084E2BF901D9005800A8 /* ProfileViewController.swift */ = {isa = PBXFileReference; lastKnownFileType = sourcecode.swift; path = ProfileViewController.swift; sourceTree = "<group>"; };
		0747BB642C1F1B4700C34F8C /* UIBlockingProgressHUD.swift */ = {isa = PBXFileReference; lastKnownFileType = sourcecode.swift; path = UIBlockingProgressHUD.swift; sourceTree = "<group>"; };
		0747BB662C1F26FA00C34F8C /* ProfileService.swift */ = {isa = PBXFileReference; lastKnownFileType = sourcecode.swift; path = ProfileService.swift; sourceTree = "<group>"; };
		0747BB682C1F280300C34F8C /* UnsplashCurrentUserProfile.swift */ = {isa = PBXFileReference; lastKnownFileType = sourcecode.swift; path = UnsplashCurrentUserProfile.swift; sourceTree = "<group>"; };
		074AC9A72C170D2D004C9EEF /* WebViewControllerDelegate.swift */ = {isa = PBXFileReference; lastKnownFileType = sourcecode.swift; path = WebViewControllerDelegate.swift; sourceTree = "<group>"; };
		074AC9A92C174C28004C9EEF /* OAuth2Service.swift */ = {isa = PBXFileReference; lastKnownFileType = sourcecode.swift; path = OAuth2Service.swift; sourceTree = "<group>"; };
		074AC9AB2C17842F004C9EEF /* NetworkClient.swift */ = {isa = PBXFileReference; lastKnownFileType = sourcecode.swift; path = NetworkClient.swift; sourceTree = "<group>"; };
		074AC9AD2C1784BF004C9EEF /* NetworkClientProtocol.swift */ = {isa = PBXFileReference; lastKnownFileType = sourcecode.swift; path = NetworkClientProtocol.swift; sourceTree = "<group>"; };
		074AC9AF2C178A64004C9EEF /* UnsplashToken.swift */ = {isa = PBXFileReference; lastKnownFileType = sourcecode.swift; path = UnsplashToken.swift; sourceTree = "<group>"; };
		0759FCD12C254F4500EFC502 /* URLSession+Extensions.swift */ = {isa = PBXFileReference; lastKnownFileType = sourcecode.swift; path = "URLSession+Extensions.swift"; sourceTree = "<group>"; };
		075D5FBE2C199B8100408414 /* SnakeCaseJSONDecoder.swift */ = {isa = PBXFileReference; lastKnownFileType = sourcecode.swift; path = SnakeCaseJSONDecoder.swift; sourceTree = "<group>"; };
		076922B02C1601AA005D6FFF /* AuthViewController.swift */ = {isa = PBXFileReference; lastKnownFileType = sourcecode.swift; path = AuthViewController.swift; sourceTree = "<group>"; };
		076922B22C160F82005D6FFF /* WebViewController.swift */ = {isa = PBXFileReference; lastKnownFileType = sourcecode.swift; path = WebViewController.swift; sourceTree = "<group>"; };
		076A2FF22C1811BD00E2DA02 /* OAuth2TokenStorage.swift */ = {isa = PBXFileReference; lastKnownFileType = sourcecode.swift; path = OAuth2TokenStorage.swift; sourceTree = "<group>"; };
		076A2FF52C1814B100E2DA02 /* SplashViewController.swift */ = {isa = PBXFileReference; lastKnownFileType = sourcecode.swift; path = SplashViewController.swift; sourceTree = "<group>"; };
		076A2FF72C181D3200E2DA02 /* AuthViewControllerDelegate.swift */ = {isa = PBXFileReference; lastKnownFileType = sourcecode.swift; path = AuthViewControllerDelegate.swift; sourceTree = "<group>"; };
		07CA2C5B2BF4E8F20057C81D /* ImagesListViewPresenter.swift */ = {isa = PBXFileReference; lastKnownFileType = sourcecode.swift; path = ImagesListViewPresenter.swift; sourceTree = "<group>"; };
		07CA2C5D2BF4EBB50057C81D /* ImagesListViewPresenterDelegate.swift */ = {isa = PBXFileReference; lastKnownFileType = sourcecode.swift; path = ImagesListViewPresenterDelegate.swift; sourceTree = "<group>"; };
		07CA2C5F2BF4F6340057C81D /* ImagesListCell.swift */ = {isa = PBXFileReference; lastKnownFileType = sourcecode.swift; path = ImagesListCell.swift; sourceTree = "<group>"; };
		07CA2C612BF4F7450057C81D /* ImagesListCell.xib */ = {isa = PBXFileReference; lastKnownFileType = file.xib; path = ImagesListCell.xib; sourceTree = "<group>"; };
		07CA2C632BF5213E0057C81D /* ImagesListCellViewModel.swift */ = {isa = PBXFileReference; lastKnownFileType = sourcecode.swift; path = ImagesListCellViewModel.swift; sourceTree = "<group>"; };
		07CA2C652BF526860057C81D /* Array+Extensions.swift */ = {isa = PBXFileReference; fileEncoding = 4; lastKnownFileType = sourcecode.swift; path = "Array+Extensions.swift"; sourceTree = "<group>"; };
		07CA2C6A2BF52FFE0057C81D /* ru */ = {isa = PBXFileReference; lastKnownFileType = text.plist.strings; name = ru; path = ru.lproj/LaunchScreen.strings; sourceTree = "<group>"; };
		07D88F242BFA3F9600B3ACAB /* SingleImageViewController.swift */ = {isa = PBXFileReference; lastKnownFileType = sourcecode.swift; path = SingleImageViewController.swift; sourceTree = "<group>"; };
/* End PBXFileReference section */

/* Begin PBXFrameworksBuildPhase section */
		070AE6F32BE740D500D87AC8 /* Frameworks */ = {
			isa = PBXFrameworksBuildPhase;
			buildActionMask = 2147483647;
			files = (
				07B6187D2C25AD1E00F5566E /* Kingfisher in Frameworks */,
				07412CD72C1ADD4D0063D075 /* ProgressHUD in Frameworks */,
				07B618802C25D7B100F5566E /* SwiftKeychainWrapper in Frameworks */,
			);
			runOnlyForDeploymentPostprocessing = 0;
		};
/* End PBXFrameworksBuildPhase section */

/* Begin PBXGroup section */
		070AE6ED2BE740D500D87AC8 = {
			isa = PBXGroup;
			children = (
				070AE6F82BE740D500D87AC8 /* ImageFeed */,
				070AE6F72BE740D500D87AC8 /* Products */,
			);
			sourceTree = "<group>";
		};
		070AE6F72BE740D500D87AC8 /* Products */ = {
			isa = PBXGroup;
			children = (
				070AE6F62BE740D500D87AC8 /* ImageFeed.app */,
			);
			name = Products;
			sourceTree = "<group>";
		};
		070AE6F82BE740D500D87AC8 /* ImageFeed */ = {
			isa = PBXGroup;
			children = (
				070AE6F92BE740D500D87AC8 /* AppDelegate.swift */,
				070AE6FB2BE740D500D87AC8 /* SceneDelegate.swift */,
				07886D072BF3385200ADCC5E /* Helpers */,
				07886D082BF3385C00ADCC5E /* Models */,
				07886D092BF3386200ADCC5E /* Presentation */,
				07886D0A2BF3386A00ADCC5E /* Resources */,
				07886D0B2BF338CB00ADCC5E /* Services */,
			);
			path = ImageFeed;
			sourceTree = "<group>";
		};
		076922AF2C16014C005D6FFF /* AuthView */ = {
			isa = PBXGroup;
			children = (
				076922B02C1601AA005D6FFF /* AuthViewController.swift */,
				076922B22C160F82005D6FFF /* WebViewController.swift */,
				074AC9A72C170D2D004C9EEF /* WebViewControllerDelegate.swift */,
				076A2FF72C181D3200E2DA02 /* AuthViewControllerDelegate.swift */,
			);
			path = AuthView;
			sourceTree = "<group>";
		};
		076A2FF42C1814A200E2DA02 /* SplashView */ = {
			isa = PBXGroup;
			children = (
				076A2FF52C1814B100E2DA02 /* SplashViewController.swift */,
			);
			path = SplashView;
			sourceTree = "<group>";
		};
		07886D072BF3385200ADCC5E /* Helpers */ = {
			isa = PBXGroup;
			children = (
				07CA2C652BF526860057C81D /* Array+Extensions.swift */,
				075D5FBE2C199B8100408414 /* SnakeCaseJSONDecoder.swift */,
				0759FCD12C254F4500EFC502 /* URLSession+Extensions.swift */,
			);
			path = Helpers;
			sourceTree = "<group>";
		};
		07886D082BF3385C00ADCC5E /* Models */ = {
			isa = PBXGroup;
			children = (
				0718AD0F2C15B5BA00D9F076 /* Constants.swift */,
				07CA2C632BF5213E0057C81D /* ImagesListCellViewModel.swift */,
				074AC9AF2C178A64004C9EEF /* UnsplashToken.swift */,
				0747BB682C1F280300C34F8C /* UnsplashCurrentUserProfile.swift */,
				070ABD6D2C1F3FBF00B11878 /* UnsplashUserPublicProfile.swift */,
			);
			path = Models;
			sourceTree = "<group>";
		};
		07886D092BF3386200ADCC5E /* Presentation */ = {
			isa = PBXGroup;
			children = (
				076A2FF42C1814A200E2DA02 /* SplashView */,
				076922AF2C16014C005D6FFF /* AuthView */,
				07D88F292BFA497700B3ACAB /* ImagesListView */,
				07D88F282BFA496600B3ACAB /* SingleImageView */,
				07D88F272BFA495600B3ACAB /* ProfileView */,
			);
			path = Presentation;
			sourceTree = "<group>";
		};
		07886D0A2BF3386A00ADCC5E /* Resources */ = {
			isa = PBXGroup;
			children = (
				070AE7022BE740D700D87AC8 /* Assets.xcassets */,
				070AE7072BE740D700D87AC8 /* Info.plist */,
				070AE7042BE740D700D87AC8 /* LaunchScreen.storyboard */,
			);
			path = Resources;
			sourceTree = "<group>";
		};
		07886D0B2BF338CB00ADCC5E /* Services */ = {
			isa = PBXGroup;
			children = (
				074AC9A92C174C28004C9EEF /* OAuth2Service.swift */,
				074AC9AB2C17842F004C9EEF /* NetworkClient.swift */,
				074AC9AD2C1784BF004C9EEF /* NetworkClientProtocol.swift */,
				076A2FF22C1811BD00E2DA02 /* OAuth2TokenStorage.swift */,
				0747BB642C1F1B4700C34F8C /* UIBlockingProgressHUD.swift */,
				0747BB662C1F26FA00C34F8C /* ProfileService.swift */,
				070476C52C2017AA0079B1C8 /* ProfileImageService.swift */,
			);
			path = Services;
			sourceTree = "<group>";
		};
		07D88F262BFA492900B3ACAB /* ImagesListCell */ = {
			isa = PBXGroup;
			children = (
				07CA2C612BF4F7450057C81D /* ImagesListCell.xib */,
				07CA2C5F2BF4F6340057C81D /* ImagesListCell.swift */,
			);
			path = ImagesListCell;
			sourceTree = "<group>";
		};
		07D88F272BFA495600B3ACAB /* ProfileView */ = {
			isa = PBXGroup;
			children = (
				073F084E2BF901D9005800A8 /* ProfileViewController.swift */,
				0720594B2C1F57A7007D4DDB /* ProfileViewPresenter.swift */,
				0720594D2C1F5834007D4DDB /* ProfileViewPresenterDelegate.swift */,
			);
			path = ProfileView;
			sourceTree = "<group>";
		};
		07D88F282BFA496600B3ACAB /* SingleImageView */ = {
			isa = PBXGroup;
			children = (
				07D88F242BFA3F9600B3ACAB /* SingleImageViewController.swift */,
			);
			path = SingleImageView;
			sourceTree = "<group>";
		};
		07D88F292BFA497700B3ACAB /* ImagesListView */ = {
			isa = PBXGroup;
			children = (
				07D88F262BFA492900B3ACAB /* ImagesListCell */,
				070AE6FD2BE740D500D87AC8 /* ImagesListViewController.swift */,
				07CA2C5B2BF4E8F20057C81D /* ImagesListViewPresenter.swift */,
				07CA2C5D2BF4EBB50057C81D /* ImagesListViewPresenterDelegate.swift */,
			);
			path = ImagesListView;
			sourceTree = "<group>";
		};
/* End PBXGroup section */

/* Begin PBXNativeTarget section */
		070AE6F52BE740D500D87AC8 /* ImageFeed */ = {
			isa = PBXNativeTarget;
			buildConfigurationList = 070AE70A2BE740D700D87AC8 /* Build configuration list for PBXNativeTarget "ImageFeed" */;
			buildPhases = (
				070AE6F22BE740D500D87AC8 /* Sources */,
				070AE6F32BE740D500D87AC8 /* Frameworks */,
				070AE6F42BE740D500D87AC8 /* Resources */,
				07886D0C2BF33A8100ADCC5E /* Swiftlint */,
			);
			buildRules = (
			);
			dependencies = (
			);
			name = ImageFeed;
			packageProductDependencies = (
				07412CD62C1ADD4D0063D075 /* ProgressHUD */,
				07B6187C2C25AD1E00F5566E /* Kingfisher */,
				07B6187F2C25D7B100F5566E /* SwiftKeychainWrapper */,
			);
			productName = imageFeed;
			productReference = 070AE6F62BE740D500D87AC8 /* ImageFeed.app */;
			productType = "com.apple.product-type.application";
		};
/* End PBXNativeTarget section */

/* Begin PBXProject section */
		070AE6EE2BE740D500D87AC8 /* Project object */ = {
			isa = PBXProject;
			attributes = {
				BuildIndependentTargetsInParallel = 1;
				LastSwiftUpdateCheck = 1530;
				LastUpgradeCheck = 1530;
				TargetAttributes = {
					070AE6F52BE740D500D87AC8 = {
						CreatedOnToolsVersion = 15.3;
					};
				};
			};
			buildConfigurationList = 070AE6F12BE740D500D87AC8 /* Build configuration list for PBXProject "ImageFeed" */;
			compatibilityVersion = "Xcode 15.3";
			developmentRegion = ru;
			hasScannedForEncodings = 0;
			knownRegions = (
				en,
				Base,
				ru,
			);
			mainGroup = 070AE6ED2BE740D500D87AC8;
			packageReferences = (
				07412CD52C1ADD4C0063D075 /* XCRemoteSwiftPackageReference "ProgressHUD" */,
				07B6187B2C25AD1E00F5566E /* XCRemoteSwiftPackageReference "Kingfisher" */,
				07B6187E2C25D7B100F5566E /* XCRemoteSwiftPackageReference "SwiftKeychainWrapper" */,
			);
			productRefGroup = 070AE6F72BE740D500D87AC8 /* Products */;
			projectDirPath = "";
			projectRoot = "";
			targets = (
				070AE6F52BE740D500D87AC8 /* ImageFeed */,
			);
		};
/* End PBXProject section */

/* Begin PBXResourcesBuildPhase section */
		070AE6F42BE740D500D87AC8 /* Resources */ = {
			isa = PBXResourcesBuildPhase;
			buildActionMask = 2147483647;
			files = (
				070AE7032BE740D700D87AC8 /* Assets.xcassets in Resources */,
				07CA2C622BF4F7450057C81D /* ImagesListCell.xib in Resources */,
				070AE7062BE740D700D87AC8 /* Base in Resources */,
			);
			runOnlyForDeploymentPostprocessing = 0;
		};
/* End PBXResourcesBuildPhase section */

/* Begin PBXShellScriptBuildPhase section */
		07886D0C2BF33A8100ADCC5E /* Swiftlint */ = {
			isa = PBXShellScriptBuildPhase;
			alwaysOutOfDate = 1;
			buildActionMask = 2147483647;
			files = (
			);
			inputFileListPaths = (
			);
			inputPaths = (
			);
			name = Swiftlint;
			outputFileListPaths = (
			);
			outputPaths = (
			);
			runOnlyForDeploymentPostprocessing = 0;
			shellPath = /bin/sh;
			shellScript = "export PATH=\"/opt/homebrew/bin:$PATH\"\nif which swiftlint > /dev/null; then\n    if [ -e \"$HOME/Library/Mobile Documents/com~apple~CloudDocs/Projects/swift-style-guide/com.raywenderlich.swiftlint.yml\" ]; then\n        swiftlint --no-cache --config \"$HOME/Library/Mobile Documents/com~apple~CloudDocs/Projects/swift-style-guide/com.raywenderlich.swiftlint.yml\"\n    else  \n        swiftlint\n    fi\nelse\n  echo \"warning: SwiftLint not installed, download from https://github.com/realm/SwiftLint\"\nfi\n";
		};
/* End PBXShellScriptBuildPhase section */

/* Begin PBXSourcesBuildPhase section */
		070AE6F22BE740D500D87AC8 /* Sources */ = {
			isa = PBXSourcesBuildPhase;
			buildActionMask = 2147483647;
			files = (
				070AE6FE2BE740D500D87AC8 /* ImagesListViewController.swift in Sources */,
				076A2FF32C1811BD00E2DA02 /* OAuth2TokenStorage.swift in Sources */,
				0718AD102C15B5BA00D9F076 /* Constants.swift in Sources */,
				07CA2C5C2BF4E8F20057C81D /* ImagesListViewPresenter.swift in Sources */,
				0747BB652C1F1B4700C34F8C /* UIBlockingProgressHUD.swift in Sources */,
				070AE6FA2BE740D500D87AC8 /* AppDelegate.swift in Sources */,
				076922B12C1601AA005D6FFF /* AuthViewController.swift in Sources */,
				074AC9A82C170D2D004C9EEF /* WebViewControllerDelegate.swift in Sources */,
				074AC9AE2C1784BF004C9EEF /* NetworkClientProtocol.swift in Sources */,
				070ABD6E2C1F3FBF00B11878 /* UnsplashUserPublicProfile.swift in Sources */,
				0720594C2C1F57A7007D4DDB /* ProfileViewPresenter.swift in Sources */,
				07CA2C662BF526860057C81D /* Array+Extensions.swift in Sources */,
				074AC9AC2C17842F004C9EEF /* NetworkClient.swift in Sources */,
				070AE6FC2BE740D500D87AC8 /* SceneDelegate.swift in Sources */,
				074AC9AA2C174C28004C9EEF /* OAuth2Service.swift in Sources */,
				076A2FF82C181D3200E2DA02 /* AuthViewControllerDelegate.swift in Sources */,
				07CA2C5E2BF4EBB50057C81D /* ImagesListViewPresenterDelegate.swift in Sources */,
				076922B32C160F82005D6FFF /* WebViewController.swift in Sources */,
				074AC9B02C178A64004C9EEF /* UnsplashToken.swift in Sources */,
				0747BB672C1F26FA00C34F8C /* ProfileService.swift in Sources */,
				0759FCD22C254F4500EFC502 /* URLSession+Extensions.swift in Sources */,
				0720594E2C1F5834007D4DDB /* ProfileViewPresenterDelegate.swift in Sources */,
				07D88F252BFA3F9600B3ACAB /* SingleImageViewController.swift in Sources */,
				073F084F2BF901D9005800A8 /* ProfileViewController.swift in Sources */,
				070476C62C2017AA0079B1C8 /* ProfileImageService.swift in Sources */,
				07CA2C642BF5213E0057C81D /* ImagesListCellViewModel.swift in Sources */,
				0747BB692C1F280300C34F8C /* UnsplashCurrentUserProfile.swift in Sources */,
				07CA2C602BF4F6340057C81D /* ImagesListCell.swift in Sources */,
				076A2FF62C1814B100E2DA02 /* SplashViewController.swift in Sources */,
				075D5FBF2C199B8100408414 /* SnakeCaseJSONDecoder.swift in Sources */,
			);
			runOnlyForDeploymentPostprocessing = 0;
		};
/* End PBXSourcesBuildPhase section */

/* Begin PBXVariantGroup section */
		070AE7042BE740D700D87AC8 /* LaunchScreen.storyboard */ = {
			isa = PBXVariantGroup;
			children = (
				070AE7052BE740D700D87AC8 /* Base */,
				07CA2C6A2BF52FFE0057C81D /* ru */,
			);
			name = LaunchScreen.storyboard;
			sourceTree = "<group>";
		};
/* End PBXVariantGroup section */

/* Begin XCBuildConfiguration section */
		070AE7082BE740D700D87AC8 /* Debug */ = {
			isa = XCBuildConfiguration;
			buildSettings = {
				ALWAYS_SEARCH_USER_PATHS = NO;
				ASSETCATALOG_COMPILER_GENERATE_SWIFT_ASSET_SYMBOL_EXTENSIONS = YES;
				CLANG_ANALYZER_LOCALIZABILITY_NONLOCALIZED = YES;
				CLANG_ANALYZER_NONNULL = YES;
				CLANG_ANALYZER_NUMBER_OBJECT_CONVERSION = YES_AGGRESSIVE;
				CLANG_CXX_LANGUAGE_STANDARD = "gnu++20";
				CLANG_ENABLE_MODULES = YES;
				CLANG_ENABLE_OBJC_ARC = YES;
				CLANG_ENABLE_OBJC_WEAK = YES;
				CLANG_WARN_BLOCK_CAPTURE_AUTORELEASING = YES;
				CLANG_WARN_BOOL_CONVERSION = YES;
				CLANG_WARN_COMMA = YES;
				CLANG_WARN_CONSTANT_CONVERSION = YES;
				CLANG_WARN_DEPRECATED_OBJC_IMPLEMENTATIONS = YES;
				CLANG_WARN_DIRECT_OBJC_ISA_USAGE = YES_ERROR;
				CLANG_WARN_DOCUMENTATION_COMMENTS = YES;
				CLANG_WARN_EMPTY_BODY = YES;
				CLANG_WARN_ENUM_CONVERSION = YES;
				CLANG_WARN_INFINITE_RECURSION = YES;
				CLANG_WARN_INT_CONVERSION = YES;
				CLANG_WARN_NON_LITERAL_NULL_CONVERSION = YES;
				CLANG_WARN_OBJC_IMPLICIT_RETAIN_SELF = YES;
				CLANG_WARN_OBJC_LITERAL_CONVERSION = YES;
				CLANG_WARN_OBJC_ROOT_CLASS = YES_ERROR;
				CLANG_WARN_QUOTED_INCLUDE_IN_FRAMEWORK_HEADER = YES;
				CLANG_WARN_RANGE_LOOP_ANALYSIS = YES;
				CLANG_WARN_STRICT_PROTOTYPES = YES;
				CLANG_WARN_SUSPICIOUS_MOVE = YES;
				CLANG_WARN_UNGUARDED_AVAILABILITY = YES_AGGRESSIVE;
				CLANG_WARN_UNREACHABLE_CODE = YES;
				CLANG_WARN__DUPLICATE_METHOD_MATCH = YES;
				COPY_PHASE_STRIP = NO;
				DEBUG_INFORMATION_FORMAT = dwarf;
				ENABLE_STRICT_OBJC_MSGSEND = YES;
				ENABLE_TESTABILITY = YES;
				ENABLE_USER_SCRIPT_SANDBOXING = NO;
				GCC_C_LANGUAGE_STANDARD = gnu17;
				GCC_DYNAMIC_NO_PIC = NO;
				GCC_NO_COMMON_BLOCKS = YES;
				GCC_OPTIMIZATION_LEVEL = 0;
				GCC_PREPROCESSOR_DEFINITIONS = (
					"DEBUG=1",
					"$(inherited)",
				);
				GCC_WARN_64_TO_32_BIT_CONVERSION = YES;
				GCC_WARN_ABOUT_RETURN_TYPE = YES_ERROR;
				GCC_WARN_UNDECLARED_SELECTOR = YES;
				GCC_WARN_UNINITIALIZED_AUTOS = YES_AGGRESSIVE;
				GCC_WARN_UNUSED_FUNCTION = YES;
				GCC_WARN_UNUSED_VARIABLE = YES;
				IPHONEOS_DEPLOYMENT_TARGET = 13.0;
				LOCALIZATION_PREFERS_STRING_CATALOGS = YES;
				MTL_ENABLE_DEBUG_INFO = INCLUDE_SOURCE;
				MTL_FAST_MATH = YES;
				ONLY_ACTIVE_ARCH = YES;
				SDKROOT = iphoneos;
				SWIFT_ACTIVE_COMPILATION_CONDITIONS = "DEBUG $(inherited)";
				SWIFT_OPTIMIZATION_LEVEL = "-Onone";
			};
			name = Debug;
		};
		070AE7092BE740D700D87AC8 /* Release */ = {
			isa = XCBuildConfiguration;
			buildSettings = {
				ALWAYS_SEARCH_USER_PATHS = NO;
				ASSETCATALOG_COMPILER_GENERATE_SWIFT_ASSET_SYMBOL_EXTENSIONS = YES;
				CLANG_ANALYZER_LOCALIZABILITY_NONLOCALIZED = YES;
				CLANG_ANALYZER_NONNULL = YES;
				CLANG_ANALYZER_NUMBER_OBJECT_CONVERSION = YES_AGGRESSIVE;
				CLANG_CXX_LANGUAGE_STANDARD = "gnu++20";
				CLANG_ENABLE_MODULES = YES;
				CLANG_ENABLE_OBJC_ARC = YES;
				CLANG_ENABLE_OBJC_WEAK = YES;
				CLANG_WARN_BLOCK_CAPTURE_AUTORELEASING = YES;
				CLANG_WARN_BOOL_CONVERSION = YES;
				CLANG_WARN_COMMA = YES;
				CLANG_WARN_CONSTANT_CONVERSION = YES;
				CLANG_WARN_DEPRECATED_OBJC_IMPLEMENTATIONS = YES;
				CLANG_WARN_DIRECT_OBJC_ISA_USAGE = YES_ERROR;
				CLANG_WARN_DOCUMENTATION_COMMENTS = YES;
				CLANG_WARN_EMPTY_BODY = YES;
				CLANG_WARN_ENUM_CONVERSION = YES;
				CLANG_WARN_INFINITE_RECURSION = YES;
				CLANG_WARN_INT_CONVERSION = YES;
				CLANG_WARN_NON_LITERAL_NULL_CONVERSION = YES;
				CLANG_WARN_OBJC_IMPLICIT_RETAIN_SELF = YES;
				CLANG_WARN_OBJC_LITERAL_CONVERSION = YES;
				CLANG_WARN_OBJC_ROOT_CLASS = YES_ERROR;
				CLANG_WARN_QUOTED_INCLUDE_IN_FRAMEWORK_HEADER = YES;
				CLANG_WARN_RANGE_LOOP_ANALYSIS = YES;
				CLANG_WARN_STRICT_PROTOTYPES = YES;
				CLANG_WARN_SUSPICIOUS_MOVE = YES;
				CLANG_WARN_UNGUARDED_AVAILABILITY = YES_AGGRESSIVE;
				CLANG_WARN_UNREACHABLE_CODE = YES;
				CLANG_WARN__DUPLICATE_METHOD_MATCH = YES;
				COPY_PHASE_STRIP = NO;
				DEBUG_INFORMATION_FORMAT = "dwarf-with-dsym";
				ENABLE_NS_ASSERTIONS = NO;
				ENABLE_STRICT_OBJC_MSGSEND = YES;
				ENABLE_USER_SCRIPT_SANDBOXING = NO;
				GCC_C_LANGUAGE_STANDARD = gnu17;
				GCC_NO_COMMON_BLOCKS = YES;
				GCC_WARN_64_TO_32_BIT_CONVERSION = YES;
				GCC_WARN_ABOUT_RETURN_TYPE = YES_ERROR;
				GCC_WARN_UNDECLARED_SELECTOR = YES;
				GCC_WARN_UNINITIALIZED_AUTOS = YES_AGGRESSIVE;
				GCC_WARN_UNUSED_FUNCTION = YES;
				GCC_WARN_UNUSED_VARIABLE = YES;
				IPHONEOS_DEPLOYMENT_TARGET = 13.0;
				LOCALIZATION_PREFERS_STRING_CATALOGS = YES;
				MTL_ENABLE_DEBUG_INFO = NO;
				MTL_FAST_MATH = YES;
				SDKROOT = iphoneos;
				SWIFT_COMPILATION_MODE = wholemodule;
				VALIDATE_PRODUCT = YES;
			};
			name = Release;
		};
		070AE70B2BE740D700D87AC8 /* Debug */ = {
			isa = XCBuildConfiguration;
			buildSettings = {
				ASSETCATALOG_COMPILER_APPICON_NAME = AppIcon;
				ASSETCATALOG_COMPILER_GLOBAL_ACCENT_COLOR_NAME = AccentColor;
				CODE_SIGN_STYLE = Automatic;
				CURRENT_PROJECT_VERSION = 1;
				DEVELOPMENT_TEAM = 28526C5326;
				GENERATE_INFOPLIST_FILE = YES;
				INFOPLIST_FILE = imageFeed/Resources/Info.plist;
				INFOPLIST_KEY_LSApplicationCategoryType = "public.app-category.photography";
				INFOPLIST_KEY_NSPhotoLibraryAddUsageDescription = "Требуется ваше разрешение на запись в медиагалерею";
				INFOPLIST_KEY_NSPhotoLibraryUsageDescription = "Требуется ваше разрешение на запись в медиагалерею";
				INFOPLIST_KEY_UIApplicationSupportsIndirectInputEvents = YES;
				INFOPLIST_KEY_UILaunchStoryboardName = LaunchScreen.storyboard;
				INFOPLIST_KEY_UISupportedInterfaceOrientations = UIInterfaceOrientationPortrait;
				IPHONEOS_DEPLOYMENT_TARGET = 13.0;
				LD_RUNPATH_SEARCH_PATHS = (
					"$(inherited)",
					"@executable_path/Frameworks",
				);
				MARKETING_VERSION = 1.0;
				PRODUCT_BUNDLE_IDENTIFIER = ru.skukharev.imageFeed;
				PRODUCT_NAME = "$(TARGET_NAME)";
				SUPPORTED_PLATFORMS = "iphoneos iphonesimulator";
				SUPPORTS_MACCATALYST = NO;
				SUPPORTS_MAC_DESIGNED_FOR_IPHONE_IPAD = NO;
				SUPPORTS_XR_DESIGNED_FOR_IPHONE_IPAD = NO;
				SWIFT_EMIT_LOC_STRINGS = YES;
				SWIFT_VERSION = 5.0;
				TARGETED_DEVICE_FAMILY = 1;
			};
			name = Debug;
		};
		070AE70C2BE740D700D87AC8 /* Release */ = {
			isa = XCBuildConfiguration;
			buildSettings = {
				ASSETCATALOG_COMPILER_APPICON_NAME = AppIcon;
				ASSETCATALOG_COMPILER_GLOBAL_ACCENT_COLOR_NAME = AccentColor;
				CODE_SIGN_STYLE = Automatic;
				CURRENT_PROJECT_VERSION = 1;
				DEVELOPMENT_TEAM = 28526C5326;
				GENERATE_INFOPLIST_FILE = YES;
				INFOPLIST_FILE = imageFeed/Resources/Info.plist;
				INFOPLIST_KEY_LSApplicationCategoryType = "public.app-category.photography";
				INFOPLIST_KEY_NSPhotoLibraryAddUsageDescription = "Требуется ваше разрешение на запись в медиагалерею";
				INFOPLIST_KEY_NSPhotoLibraryUsageDescription = "Требуется ваше разрешение на запись в медиагалерею";
				INFOPLIST_KEY_UIApplicationSupportsIndirectInputEvents = YES;
				INFOPLIST_KEY_UILaunchStoryboardName = LaunchScreen.storyboard;
				INFOPLIST_KEY_UISupportedInterfaceOrientations = UIInterfaceOrientationPortrait;
				IPHONEOS_DEPLOYMENT_TARGET = 13.0;
				LD_RUNPATH_SEARCH_PATHS = (
					"$(inherited)",
					"@executable_path/Frameworks",
				);
				MARKETING_VERSION = 1.0;
				PRODUCT_BUNDLE_IDENTIFIER = ru.skukharev.imageFeed;
				PRODUCT_NAME = "$(TARGET_NAME)";
				SUPPORTED_PLATFORMS = "iphoneos iphonesimulator";
				SUPPORTS_MACCATALYST = NO;
				SUPPORTS_MAC_DESIGNED_FOR_IPHONE_IPAD = NO;
				SUPPORTS_XR_DESIGNED_FOR_IPHONE_IPAD = NO;
				SWIFT_EMIT_LOC_STRINGS = YES;
				SWIFT_VERSION = 5.0;
				TARGETED_DEVICE_FAMILY = 1;
			};
			name = Release;
		};
/* End XCBuildConfiguration section */

/* Begin XCConfigurationList section */
		070AE6F12BE740D500D87AC8 /* Build configuration list for PBXProject "ImageFeed" */ = {
			isa = XCConfigurationList;
			buildConfigurations = (
				070AE7082BE740D700D87AC8 /* Debug */,
				070AE7092BE740D700D87AC8 /* Release */,
			);
			defaultConfigurationIsVisible = 0;
			defaultConfigurationName = Release;
		};
		070AE70A2BE740D700D87AC8 /* Build configuration list for PBXNativeTarget "ImageFeed" */ = {
			isa = XCConfigurationList;
			buildConfigurations = (
				070AE70B2BE740D700D87AC8 /* Debug */,
				070AE70C2BE740D700D87AC8 /* Release */,
			);
			defaultConfigurationIsVisible = 0;
			defaultConfigurationName = Release;
		};
/* End XCConfigurationList section */

/* Begin XCRemoteSwiftPackageReference section */
		07412CD52C1ADD4C0063D075 /* XCRemoteSwiftPackageReference "ProgressHUD" */ = {
			isa = XCRemoteSwiftPackageReference;
			repositoryURL = "https://github.com/relatedcode/ProgressHUD";
			requirement = {
				kind = upToNextMajorVersion;
				minimumVersion = 14.1.3;
			};
		};
		07B6187B2C25AD1E00F5566E /* XCRemoteSwiftPackageReference "Kingfisher" */ = {
			isa = XCRemoteSwiftPackageReference;
			repositoryURL = "https://github.com/onevcat/Kingfisher.git";
			requirement = {
				kind = upToNextMajorVersion;
				minimumVersion = 7.12.0;
			};
		};
		07B6187E2C25D7B100F5566E /* XCRemoteSwiftPackageReference "SwiftKeychainWrapper" */ = {
			isa = XCRemoteSwiftPackageReference;
			repositoryURL = "https://github.com/jrendel/SwiftKeychainWrapper";
			requirement = {
				kind = upToNextMajorVersion;
				minimumVersion = 4.0.1;
			};
		};
/* End XCRemoteSwiftPackageReference section */

/* Begin XCSwiftPackageProductDependency section */
		07412CD62C1ADD4D0063D075 /* ProgressHUD */ = {
			isa = XCSwiftPackageProductDependency;
			package = 07412CD52C1ADD4C0063D075 /* XCRemoteSwiftPackageReference "ProgressHUD" */;
			productName = ProgressHUD;
		};
		07B6187C2C25AD1E00F5566E /* Kingfisher */ = {
			isa = XCSwiftPackageProductDependency;
			package = 07B6187B2C25AD1E00F5566E /* XCRemoteSwiftPackageReference "Kingfisher" */;
			productName = Kingfisher;
		};
		07B6187F2C25D7B100F5566E /* SwiftKeychainWrapper */ = {
			isa = XCSwiftPackageProductDependency;
			package = 07B6187E2C25D7B100F5566E /* XCRemoteSwiftPackageReference "SwiftKeychainWrapper" */;
			productName = SwiftKeychainWrapper;
		};
/* End XCSwiftPackageProductDependency section */
	};
	rootObject = 070AE6EE2BE740D500D87AC8 /* Project object */;
}
